
Microsoft Visual Studio Solution File, Format Version 12.00
# Visual Studio 15
Project("{FAE04EC0-301F-11D3-BF4B-00C04F79EFBC}") = "Assembly-CSharp", "Assembly-CSharp.csproj", "{37DEBA69-3504-CB36-F4A5-9979DA9AB0EA}"
EndProject
Project("{FAE04EC0-301F-11D3-BF4B-00C04F79EFBC}") = "Assembly-CSharp-Editor", "Assembly-CSharp-Editor.csproj", "{11CC7989-1702-6926-B880-74D89D8DAA05}"
EndProject
Global
	GlobalSection(SolutionConfigurationPlatforms) = preSolution
		Debug|Any CPU = Debug|Any CPU
		Release|Any CPU = Release|Any CPU
	EndGlobalSection
	GlobalSection(ProjectConfigurationPlatforms) = postSolution
		{37DEBA69-3504-CB36-F4A5-9979DA9AB0EA}.Debug|Any CPU.ActiveCfg = Debug|Any CPU
		{37DEBA69-3504-CB36-F4A5-9979DA9AB0EA}.Debug|Any CPU.Build.0 = Debug|Any CPU
		{37DEBA69-3504-CB36-F4A5-9979DA9AB0EA}.Release|Any CPU.ActiveCfg = Release|Any CPU
		{37DEBA69-3504-CB36-F4A5-9979DA9AB0EA}.Release|Any CPU.Build.0 = Release|Any CPU
		{11CC7989-1702-6926-B880-74D89D8DAA05}.Debug|Any CPU.ActiveCfg = Debug|Any CPU
		{11CC7989-1702-6926-B880-74D89D8DAA05}.Debug|Any CPU.Build.0 = Debug|Any CPU
		{11CC7989-1702-6926-B880-74D89D8DAA05}.Release|Any CPU.ActiveCfg = Release|Any CPU
		{11CC7989-1702-6926-B880-74D89D8DAA05}.Release|Any CPU.Build.0 = Release|Any CPU
	EndGlobalSection
	GlobalSection(SolutionProperties) = preSolution
		HideSolutionNode = FALSE
	EndGlobalSection
EndGlobal
